
Microsoft Visual Studio Solution File, Format Version 12.00
# Visual Studio Version 16
VisualStudioVersion = 16.0.29613.14
MinimumVisualStudioVersion = 10.0.40219.1
Project("{FAE04EC0-301F-11D3-BF4B-00C04F79EFBC}") = "ImageRename.Test", "ImageRename.Test\ImageRename.Test.csproj", "{3A5EFAE7-371F-4155-A96D-20859FC7A403}"
EndProject
Project("{9A19103F-16F7-4668-BE54-9A1E7A4F7556}") = "ImageRename.Standard", "ImageRename.Standard\ImageRename.Standard.csproj", "{661B94E8-4F45-4D1C-8070-B90F98DB4EAC}"
EndProject
Project("{FAE04EC0-301F-11D3-BF4B-00C04F79EFBC}") = "ImageRename.WPF", "ImageRename.WPF\ImageRename.WPF.csproj", "{F5D1D0E9-3223-4BB2-BF78-72D471BA6A99}"
EndProject
Global
	GlobalSection(SolutionConfigurationPlatforms) = preSolution
		Debug|Any CPU = Debug|Any CPU
		Release|Any CPU = Release|Any CPU
	EndGlobalSection
	GlobalSection(ProjectConfigurationPlatforms) = postSolution
		{3A5EFAE7-371F-4155-A96D-20859FC7A403}.Debug|Any CPU.ActiveCfg = Debug|Any CPU
		{3A5EFAE7-371F-4155-A96D-20859FC7A403}.Debug|Any CPU.Build.0 = Debug|Any CPU
		{3A5EFAE7-371F-4155-A96D-20859FC7A403}.Release|Any CPU.ActiveCfg = Release|Any CPU
		{3A5EFAE7-371F-4155-A96D-20859FC7A403}.Release|Any CPU.Build.0 = Release|Any CPU
		{661B94E8-4F45-4D1C-8070-B90F98DB4EAC}.Debug|Any CPU.ActiveCfg = Debug|Any CPU
		{661B94E8-4F45-4D1C-8070-B90F98DB4EAC}.Debug|Any CPU.Build.0 = Debug|Any CPU
		{661B94E8-4F45-4D1C-8070-B90F98DB4EAC}.Release|Any CPU.ActiveCfg = Release|Any CPU
		{661B94E8-4F45-4D1C-8070-B90F98DB4EAC}.Release|Any CPU.Build.0 = Release|Any CPU
		{F5D1D0E9-3223-4BB2-BF78-72D471BA6A99}.Debug|Any CPU.ActiveCfg = Debug|Any CPU
		{F5D1D0E9-3223-4BB2-BF78-72D471BA6A99}.Debug|Any CPU.Build.0 = Debug|Any CPU
		{F5D1D0E9-3223-4BB2-BF78-72D471BA6A99}.Release|Any CPU.ActiveCfg = Release|Any CPU
		{F5D1D0E9-3223-4BB2-BF78-72D471BA6A99}.Release|Any CPU.Build.0 = Release|Any CPU
	EndGlobalSection
	GlobalSection(SolutionProperties) = preSolution
		HideSolutionNode = FALSE
	EndGlobalSection
	GlobalSection(ExtensibilityGlobals) = postSolution
		SolutionGuid = {6A8E1883-B37E-4CB4-9522-EA9D8E992808}
	EndGlobalSection
EndGlobal
