
Microsoft Visual Studio Solution File, Format Version 12.00
# Visual Studio 15
VisualStudioVersion = 15.0.27130.2003
MinimumVisualStudioVersion = 10.0.40219.1
Project("{9A19103F-16F7-4668-BE54-9A1E7A4F7556}") = "ImageRename.Core", "ImageRename.Core\ImageRename.Core\ImageRename.Core.csproj", "{B1C0FD8E-E9BA-44CE-8DB0-391D1FED5960}"
EndProject
Project("{FAE04EC0-301F-11D3-BF4B-00C04F79EFBC}") = "ImageRename.Test", "ImageRename.Test\ImageRename.Test.csproj", "{3A5EFAE7-371F-4155-A96D-20859FC7A403}"
EndProject
Project("{9A19103F-16F7-4668-BE54-9A1E7A4F7556}") = "MetaDataExtractor.Standard", "MetaDataExtractor.Standard\MetaDataExtractor.Standard.csproj", "{BB3DE7D2-8A62-4EB9-B742-A51260AC1E63}"
EndProject
Project("{FAE04EC0-301F-11D3-BF4B-00C04F79EFBC}") = "ImageRename", "ImageRename\ImageRename.csproj", "{4068BC07-ADEA-40EA-B815-30956A342B16}"
EndProject
Global
	GlobalSection(SolutionConfigurationPlatforms) = preSolution
		Debug|Any CPU = Debug|Any CPU
		Release|Any CPU = Release|Any CPU
	EndGlobalSection
	GlobalSection(ProjectConfigurationPlatforms) = postSolution
		{B1C0FD8E-E9BA-44CE-8DB0-391D1FED5960}.Debug|Any CPU.ActiveCfg = Debug|Any CPU
		{B1C0FD8E-E9BA-44CE-8DB0-391D1FED5960}.Debug|Any CPU.Build.0 = Debug|Any CPU
		{B1C0FD8E-E9BA-44CE-8DB0-391D1FED5960}.Release|Any CPU.ActiveCfg = Release|Any CPU
		{B1C0FD8E-E9BA-44CE-8DB0-391D1FED5960}.Release|Any CPU.Build.0 = Release|Any CPU
		{3A5EFAE7-371F-4155-A96D-20859FC7A403}.Debug|Any CPU.ActiveCfg = Debug|Any CPU
		{3A5EFAE7-371F-4155-A96D-20859FC7A403}.Debug|Any CPU.Build.0 = Debug|Any CPU
		{3A5EFAE7-371F-4155-A96D-20859FC7A403}.Release|Any CPU.ActiveCfg = Release|Any CPU
		{3A5EFAE7-371F-4155-A96D-20859FC7A403}.Release|Any CPU.Build.0 = Release|Any CPU
		{BB3DE7D2-8A62-4EB9-B742-A51260AC1E63}.Debug|Any CPU.ActiveCfg = Debug|Any CPU
		{BB3DE7D2-8A62-4EB9-B742-A51260AC1E63}.Debug|Any CPU.Build.0 = Debug|Any CPU
		{BB3DE7D2-8A62-4EB9-B742-A51260AC1E63}.Release|Any CPU.ActiveCfg = Release|Any CPU
		{BB3DE7D2-8A62-4EB9-B742-A51260AC1E63}.Release|Any CPU.Build.0 = Release|Any CPU
		{4068BC07-ADEA-40EA-B815-30956A342B16}.Debug|Any CPU.ActiveCfg = Debug|Any CPU
		{4068BC07-ADEA-40EA-B815-30956A342B16}.Debug|Any CPU.Build.0 = Debug|Any CPU
		{4068BC07-ADEA-40EA-B815-30956A342B16}.Release|Any CPU.ActiveCfg = Release|Any CPU
		{4068BC07-ADEA-40EA-B815-30956A342B16}.Release|Any CPU.Build.0 = Release|Any CPU
	EndGlobalSection
	GlobalSection(SolutionProperties) = preSolution
		HideSolutionNode = FALSE
	EndGlobalSection
	GlobalSection(ExtensibilityGlobals) = postSolution
		SolutionGuid = {6A8E1883-B37E-4CB4-9522-EA9D8E992808}
	EndGlobalSection
EndGlobal
