
Microsoft Visual Studio Solution File, Format Version 12.00
# Visual Studio Version 16
VisualStudioVersion = 16.0.29613.14
MinimumVisualStudioVersion = 10.0.40219.1
Project("{9A19103F-16F7-4668-BE54-9A1E7A4F7556}") = "ImageRename.Standard", "ImageRename.Standard\ImageRename.Standard.csproj", "{661B94E8-4F45-4D1C-8070-B90F98DB4EAC}"
EndProject
Project("{9A19103F-16F7-4668-BE54-9A1E7A4F7556}") = "ImageRename", "ImageRename\ImageRename.csproj", "{48F4BA56-274F-4395-94CB-AAA00BCD6956}"
EndProject
Project("{9A19103F-16F7-4668-BE54-9A1E7A4F7556}") = "ExifLibrary", "ExifLibrary\ExifLibrary.csproj", "{7B79BABB-FD78-404C-A89F-7896D560EBF0}"
EndProject
Project("{FAE04EC0-301F-11D3-BF4B-00C04F79EFBC}") = "ImageRename.Tests", "ImageRename.Tests\ImageRename.Tests.csproj", "{9E6CDC44-F322-48F8-A1BE-D6011DBDE923}"
EndProject
Global
	GlobalSection(SolutionConfigurationPlatforms) = preSolution
		Debug|Any CPU = Debug|Any CPU
		Release|Any CPU = Release|Any CPU
	EndGlobalSection
	GlobalSection(ProjectConfigurationPlatforms) = postSolution
		{661B94E8-4F45-4D1C-8070-B90F98DB4EAC}.Debug|Any CPU.ActiveCfg = Debug|Any CPU
		{661B94E8-4F45-4D1C-8070-B90F98DB4EAC}.Debug|Any CPU.Build.0 = Debug|Any CPU
		{661B94E8-4F45-4D1C-8070-B90F98DB4EAC}.Release|Any CPU.ActiveCfg = Release|Any CPU
		{661B94E8-4F45-4D1C-8070-B90F98DB4EAC}.Release|Any CPU.Build.0 = Release|Any CPU
		{48F4BA56-274F-4395-94CB-AAA00BCD6956}.Debug|Any CPU.ActiveCfg = Debug|Any CPU
		{48F4BA56-274F-4395-94CB-AAA00BCD6956}.Debug|Any CPU.Build.0 = Debug|Any CPU
		{48F4BA56-274F-4395-94CB-AAA00BCD6956}.Release|Any CPU.ActiveCfg = Release|Any CPU
		{48F4BA56-274F-4395-94CB-AAA00BCD6956}.Release|Any CPU.Build.0 = Release|Any CPU
		{7B79BABB-FD78-404C-A89F-7896D560EBF0}.Debug|Any CPU.ActiveCfg = Debug|Any CPU
		{7B79BABB-FD78-404C-A89F-7896D560EBF0}.Debug|Any CPU.Build.0 = Debug|Any CPU
		{7B79BABB-FD78-404C-A89F-7896D560EBF0}.Release|Any CPU.ActiveCfg = Release|Any CPU
		{7B79BABB-FD78-404C-A89F-7896D560EBF0}.Release|Any CPU.Build.0 = Release|Any CPU
		{9E6CDC44-F322-48F8-A1BE-D6011DBDE923}.Debug|Any CPU.ActiveCfg = Debug|Any CPU
		{9E6CDC44-F322-48F8-A1BE-D6011DBDE923}.Debug|Any CPU.Build.0 = Debug|Any CPU
		{9E6CDC44-F322-48F8-A1BE-D6011DBDE923}.Release|Any CPU.ActiveCfg = Release|Any CPU
		{9E6CDC44-F322-48F8-A1BE-D6011DBDE923}.Release|Any CPU.Build.0 = Release|Any CPU
	EndGlobalSection
	GlobalSection(SolutionProperties) = preSolution
		HideSolutionNode = FALSE
	EndGlobalSection
	GlobalSection(ExtensibilityGlobals) = postSolution
		SolutionGuid = {6A8E1883-B37E-4CB4-9522-EA9D8E992808}
	EndGlobalSection
EndGlobal
